
Microsoft Visual Studio Solution File, Format Version 12.00
# Visual Studio Version 17
VisualStudioVersion = 17.6.33801.468
MinimumVisualStudioVersion = 10.0.40219.1
Project("{FAE04EC0-301F-11D3-BF4B-00C04F79EFBC}") = "MockSalesDataGenerator", "MockSalesDataGenerator\MockSalesDataGenerator.csproj", "{F69CA178-CE46-47C5-BE8A-28560E5169A3}"
EndProject
Global
	GlobalSection(SolutionConfigurationPlatforms) = preSolution
		Debug|Any CPU = Debug|Any CPU
		Release|Any CPU = Release|Any CPU
	EndGlobalSection
	GlobalSection(ProjectConfigurationPlatforms) = postSolution
		{F69CA178-CE46-47C5-BE8A-28560E5169A3}.Debug|Any CPU.ActiveCfg = Debug|Any CPU
		{F69CA178-CE46-47C5-BE8A-28560E5169A3}.Debug|Any CPU.Build.0 = Debug|Any CPU
		{F69CA178-CE46-47C5-BE8A-28560E5169A3}.Release|Any CPU.ActiveCfg = Release|Any CPU
		{F69CA178-CE46-47C5-BE8A-28560E5169A3}.Release|Any CPU.Build.0 = Release|Any CPU
	EndGlobalSection
	GlobalSection(SolutionProperties) = preSolution
		HideSolutionNode = FALSE
	EndGlobalSection
	GlobalSection(ExtensibilityGlobals) = postSolution
		SolutionGuid = {0A2A3842-4C0E-4FC9-898A-2B8E60F89999}
	EndGlobalSection
EndGlobal
